Microsoft Visual Studio Solution File, Format Version 12.00
# Visual Studio Version 17
VisualStudioVersion = 17.5.2.0
MinimumVisualStudioVersion = 10.0.40219.1
Project("{FAE04EC0-301F-11D3-BF4B-00C04F79EFBC}") = "UnsubscribeService", "UnsubscribeService.csproj", "{6069BD5C-9F3A-EA99-F486-42ACF678364A}"
EndProject
Global
	GlobalSection(SolutionConfigurationPlatforms) = preSolution
		Debug|Any CPU = Debug|Any CPU
		Release|Any CPU = Release|Any CPU
	EndGlobalSection
	GlobalSection(ProjectConfigurationPlatforms) = postSolution
		{6069BD5C-9F3A-EA99-F486-42ACF678364A}.Debug|Any CPU.ActiveCfg = Debug|Any CPU
		{6069BD5C-9F3A-EA99-F486-42ACF678364A}.Debug|Any CPU.Build.0 = Debug|Any CPU
		{6069BD5C-9F3A-EA99-F486-42ACF678364A}.Release|Any CPU.ActiveCfg = Release|Any CPU
		{6069BD5C-9F3A-EA99-F486-42ACF678364A}.Release|Any CPU.Build.0 = Release|Any CPU
	EndGlobalSection
	GlobalSection(SolutionProperties) = preSolution
		HideSolutionNode = FALSE
	EndGlobalSection
	GlobalSection(ExtensibilityGlobals) = postSolution
		SolutionGuid = {3E9D98CF-C308-4992-9240-AA45EE1D238E}
	EndGlobalSection
EndGlobal
